<?xml version="1.0" encoding="utf-8"?>
<Project ToolsVersion="4.0" xmlns="http://schemas.microsoft.com/developer/msbuild/2003">
  <ItemGroup>
    <Filter Include="Windows">
      <UniqueIdentifier>{e3cbce1c-578d-4ab2-af4f-2a21ef862a31}</UniqueIdentifier>
    </Filter>
    <Filter Include="Windows\ObjectManager">
      <UniqueIdentifier>{421bf37f-d5cd-4433-8402-ed0a8025f908}</UniqueIdentifier>
    </Filter>
  </ItemGroup>
  <ItemGroup>
    <ClInclude Include="Application.h">
      <Filter>Windows</Filter>
    </ClInclude>
    <ClInclude Include="ObjectManager.h">
      <Filter>Windows\ObjectManager</Filter>
    </ClInclude>
  </ItemGroup>
  <ItemGroup>
    <ClCompile Include="Application.cpp">
      <Filter>Windows</Filter>
    </ClCompile>
    <ClCompile Include="ObjectManager.cpp">
      <Filter>Windows\ObjectManager</Filter>
    </ClCompile>
  </ItemGroup>
</Project>