<?xml version="1.0" encoding="utf-8"?>
<Project ToolsVersion="4.0" xmlns="http://schemas.microsoft.com/developer/msbuild/2003">
  <ItemGroup>
    <Filter Include="Windows">
      <UniqueIdentifier>{e3cbce1c-578d-4ab2-af4f-2a21ef862a31}</UniqueIdentifier>
    </Filter>
    <Filter Include="Windows\Application">
      <UniqueIdentifier>{759fc8c5-44bf-47e6-aad8-64b9c6039a75}</UniqueIdentifier>
    </Filter>
    <Filter Include="Windows\ResourceManager">
      <UniqueIdentifier>{421bf37f-d5cd-4433-8402-ed0a8025f908}</UniqueIdentifier>
    </Filter>
    <Filter Include="Windows\Component">
      <UniqueIdentifier>{391979f8-8f95-4f0d-b95f-740ae3816141}</UniqueIdentifier>
    </Filter>
    <Filter Include="Windows\ResourceManager\Shader">
      <UniqueIdentifier>{f9232e91-fc28-44dd-96b7-09fcf4e3cdee}</UniqueIdentifier>
    </Filter>
    <Filter Include="Windows\UI">
      <UniqueIdentifier>{b2f69eb9-b84f-43c5-aebc-a4fe9a7e48f3}</UniqueIdentifier>
    </Filter>
  </ItemGroup>
  <ItemGroup>
    <ClInclude Include="ResourceManager.h">
      <Filter>Windows\ResourceManager</Filter>
    </ClInclude>
    <ClInclude Include="Application.h">
      <Filter>Windows\Application</Filter>
    </ClInclude>
    <ClInclude Include="Transform.h">
      <Filter>Windows\Component</Filter>
    </ClInclude>
    <ClInclude Include="Input.h">
      <Filter>Windows\Application</Filter>
    </ClInclude>
    <ClInclude Include="Camera.h">
      <Filter>Windows\Application</Filter>
    </ClInclude>
    <ClInclude Include="FBXImporter.h">
      <Filter>Windows\ResourceManager</Filter>
    </ClInclude>
    <ClInclude Include="Shader.h">
      <Filter>Windows\ResourceManager\Shader</Filter>
    </ClInclude>
    <ClInclude Include="GUI.h">
      <Filter>Windows\UI</Filter>
    </ClInclude>
    <ClInclude Include="GUIWindow.h">
      <Filter>Windows\UI</Filter>
    </ClInclude>
  </ItemGroup>
  <ItemGroup>
    <ClCompile Include="ResourceManager.cpp">
      <Filter>Windows\ResourceManager</Filter>
    </ClCompile>
    <ClCompile Include="Application.cpp">
      <Filter>Windows\Application</Filter>
    </ClCompile>
    <ClCompile Include="Transform.cpp">
      <Filter>Windows\Component</Filter>
    </ClCompile>
    <ClCompile Include="Input.cpp">
      <Filter>Windows\Application</Filter>
    </ClCompile>
    <ClCompile Include="Camera.cpp">
      <Filter>Windows\Application</Filter>
    </ClCompile>
    <ClCompile Include="FBXImporter.cpp">
      <Filter>Windows\ResourceManager</Filter>
    </ClCompile>
    <ClCompile Include="Shader.cpp">
      <Filter>Windows\ResourceManager\Shader</Filter>
    </ClCompile>
    <ClCompile Include="GUI.cpp">
      <Filter>Windows\UI</Filter>
    </ClCompile>
    <ClCompile Include="GUIWindow.cpp">
      <Filter>Windows\UI</Filter>
    </ClCompile>
  </ItemGroup>
</Project>